
Microsoft Visual Studio Solution File, Format Version 12.00
Project("{FAE04EC0-301F-11D3-BF4B-00C04F79EFBC}") = "AccountService.API", "AccountService.API\AccountService.API.csproj", "{831956EE-47A8-469A-AC54-CE5E36BC1A4B}"
EndProject
Project("{FAE04EC0-301F-11D3-BF4B-00C04F79EFBC}") = "AccountService.Application", "AccountService.Application\AccountService.Application.csproj", "{2C45AF2F-96CA-41A4-B4C3-04344BE957C9}"
EndProject
Project("{FAE04EC0-301F-11D3-BF4B-00C04F79EFBC}") = "AccountService.Domain", "AccountService.Domain\AccountService.Domain.csproj", "{EF85BBA2-1ED1-4805-B805-00B41BA697AF}"
EndProject
Project("{FAE04EC0-301F-11D3-BF4B-00C04F79EFBC}") = "AccountService.Infrastructure", "AccountService.Infrastructure\AccountService.Infrastructure.csproj", "{A2517C13-7185-4B3B-985F-E6496550F5FF}"
EndProject
Global
	GlobalSection(SolutionConfigurationPlatforms) = preSolution
		Debug|Any CPU = Debug|Any CPU
		Release|Any CPU = Release|Any CPU
	EndGlobalSection
	GlobalSection(ProjectConfigurationPlatforms) = postSolution
		{831956EE-47A8-469A-AC54-CE5E36BC1A4B}.Debug|Any CPU.ActiveCfg = Debug|Any CPU
		{831956EE-47A8-469A-AC54-CE5E36BC1A4B}.Debug|Any CPU.Build.0 = Debug|Any CPU
		{831956EE-47A8-469A-AC54-CE5E36BC1A4B}.Release|Any CPU.ActiveCfg = Release|Any CPU
		{831956EE-47A8-469A-AC54-CE5E36BC1A4B}.Release|Any CPU.Build.0 = Release|Any CPU
		{2C45AF2F-96CA-41A4-B4C3-04344BE957C9}.Debug|Any CPU.ActiveCfg = Debug|Any CPU
		{2C45AF2F-96CA-41A4-B4C3-04344BE957C9}.Debug|Any CPU.Build.0 = Debug|Any CPU
		{2C45AF2F-96CA-41A4-B4C3-04344BE957C9}.Release|Any CPU.ActiveCfg = Release|Any CPU
		{2C45AF2F-96CA-41A4-B4C3-04344BE957C9}.Release|Any CPU.Build.0 = Release|Any CPU
		{EF85BBA2-1ED1-4805-B805-00B41BA697AF}.Debug|Any CPU.ActiveCfg = Debug|Any CPU
		{EF85BBA2-1ED1-4805-B805-00B41BA697AF}.Debug|Any CPU.Build.0 = Debug|Any CPU
		{EF85BBA2-1ED1-4805-B805-00B41BA697AF}.Release|Any CPU.ActiveCfg = Release|Any CPU
		{EF85BBA2-1ED1-4805-B805-00B41BA697AF}.Release|Any CPU.Build.0 = Release|Any CPU
		{A2517C13-7185-4B3B-985F-E6496550F5FF}.Debug|Any CPU.ActiveCfg = Debug|Any CPU
		{A2517C13-7185-4B3B-985F-E6496550F5FF}.Debug|Any CPU.Build.0 = Debug|Any CPU
		{A2517C13-7185-4B3B-985F-E6496550F5FF}.Release|Any CPU.ActiveCfg = Release|Any CPU
		{A2517C13-7185-4B3B-985F-E6496550F5FF}.Release|Any CPU.Build.0 = Release|Any CPU
	EndGlobalSection
EndGlobal
