
Microsoft Visual Studio Solution File, Format Version 12.00
Project("{FAE04EC0-301F-11D3-BF4B-00C04F79EFBC}") = "AccountService.API", "AccountService.API\AccountService.API.csproj", "{831956EE-47A8-469A-AC54-CE5E36BC1A4B}"
EndProject
Project("{FAE04EC0-301F-11D3-BF4B-00C04F79EFBC}") = "AccountService.Application", "AccountService.Application\AccountService.Application.csproj", "{2C45AF2F-96CA-41A4-B4C3-04344BE957C9}"
EndProject
Project("{FAE04EC0-301F-11D3-BF4B-00C04F79EFBC}") = "AccountService.Domain", "AccountService.Domain\AccountService.Domain.csproj", "{EF85BBA2-1ED1-4805-B805-00B41BA697AF}"
EndProject
Project("{FAE04EC0-301F-11D3-BF4B-00C04F79EFBC}") = "AccountService.Infrastructure", "AccountService.Infrastructure\AccountService.Infrastructure.csproj", "{A2517C13-7185-4B3B-985F-E6496550F5FF}"
EndProject
Project("{2150E333-8FDC-42A3-9474-1A3956D46DE8}") = "tests", "tests", "{0AB3BF05-4346-4AA6-1389-037BE0695223}"
EndProject
Project("{FAE04EC0-301F-11D3-BF4B-00C04F79EFBC}") = "AccountService.Domain.UnitTests", "tests\AccountService.Domain.UnitTests\AccountService.Domain.UnitTests.csproj", "{3C88245D-592F-4511-A662-16A00DBF27F8}"
EndProject
Project("{FAE04EC0-301F-11D3-BF4B-00C04F79EFBC}") = "AccountService.Application.UnitTests", "tests\AccountService.Application.UnitTests\AccountService.Application.UnitTests.csproj", "{92618199-CAC6-456F-8DA1-40A9ED0DFB41}"
EndProject
Project("{FAE04EC0-301F-11D3-BF4B-00C04F79EFBC}") = "AccountService.IntegrationTests", "tests\AccountService.IntegrationTests\AccountService.IntegrationTests.csproj", "{077E9330-395B-414C-A762-3FF9A6BB9D80}"
EndProject
Global
	GlobalSection(SolutionConfigurationPlatforms) = preSolution
		Debug|Any CPU = Debug|Any CPU
		Debug|x64 = Debug|x64
		Debug|x86 = Debug|x86
		Release|Any CPU = Release|Any CPU
		Release|x64 = Release|x64
		Release|x86 = Release|x86
	EndGlobalSection
	GlobalSection(ProjectConfigurationPlatforms) = postSolution
		{831956EE-47A8-469A-AC54-CE5E36BC1A4B}.Debug|Any CPU.ActiveCfg = Debug|Any CPU
		{831956EE-47A8-469A-AC54-CE5E36BC1A4B}.Debug|Any CPU.Build.0 = Debug|Any CPU
		{831956EE-47A8-469A-AC54-CE5E36BC1A4B}.Debug|x64.ActiveCfg = Debug|Any CPU
		{831956EE-47A8-469A-AC54-CE5E36BC1A4B}.Debug|x64.Build.0 = Debug|Any CPU
		{831956EE-47A8-469A-AC54-CE5E36BC1A4B}.Debug|x86.ActiveCfg = Debug|Any CPU
		{831956EE-47A8-469A-AC54-CE5E36BC1A4B}.Debug|x86.Build.0 = Debug|Any CPU
		{831956EE-47A8-469A-AC54-CE5E36BC1A4B}.Release|Any CPU.ActiveCfg = Release|Any CPU
		{831956EE-47A8-469A-AC54-CE5E36BC1A4B}.Release|Any CPU.Build.0 = Release|Any CPU
		{831956EE-47A8-469A-AC54-CE5E36BC1A4B}.Release|x64.ActiveCfg = Release|Any CPU
		{831956EE-47A8-469A-AC54-CE5E36BC1A4B}.Release|x64.Build.0 = Release|Any CPU
		{831956EE-47A8-469A-AC54-CE5E36BC1A4B}.Release|x86.ActiveCfg = Release|Any CPU
		{831956EE-47A8-469A-AC54-CE5E36BC1A4B}.Release|x86.Build.0 = Release|Any CPU
		{2C45AF2F-96CA-41A4-B4C3-04344BE957C9}.Debug|Any CPU.ActiveCfg = Debug|Any CPU
		{2C45AF2F-96CA-41A4-B4C3-04344BE957C9}.Debug|Any CPU.Build.0 = Debug|Any CPU
		{2C45AF2F-96CA-41A4-B4C3-04344BE957C9}.Debug|x64.ActiveCfg = Debug|Any CPU
		{2C45AF2F-96CA-41A4-B4C3-04344BE957C9}.Debug|x64.Build.0 = Debug|Any CPU
		{2C45AF2F-96CA-41A4-B4C3-04344BE957C9}.Debug|x86.ActiveCfg = Debug|Any CPU
		{2C45AF2F-96CA-41A4-B4C3-04344BE957C9}.Debug|x86.Build.0 = Debug|Any CPU
		{2C45AF2F-96CA-41A4-B4C3-04344BE957C9}.Release|Any CPU.ActiveCfg = Release|Any CPU
		{2C45AF2F-96CA-41A4-B4C3-04344BE957C9}.Release|Any CPU.Build.0 = Release|Any CPU
		{2C45AF2F-96CA-41A4-B4C3-04344BE957C9}.Release|x64.ActiveCfg = Release|Any CPU
		{2C45AF2F-96CA-41A4-B4C3-04344BE957C9}.Release|x64.Build.0 = Release|Any CPU
		{2C45AF2F-96CA-41A4-B4C3-04344BE957C9}.Release|x86.ActiveCfg = Release|Any CPU
		{2C45AF2F-96CA-41A4-B4C3-04344BE957C9}.Release|x86.Build.0 = Release|Any CPU
		{EF85BBA2-1ED1-4805-B805-00B41BA697AF}.Debug|Any CPU.ActiveCfg = Debug|Any CPU
		{EF85BBA2-1ED1-4805-B805-00B41BA697AF}.Debug|Any CPU.Build.0 = Debug|Any CPU
		{EF85BBA2-1ED1-4805-B805-00B41BA697AF}.Debug|x64.ActiveCfg = Debug|Any CPU
		{EF85BBA2-1ED1-4805-B805-00B41BA697AF}.Debug|x64.Build.0 = Debug|Any CPU
		{EF85BBA2-1ED1-4805-B805-00B41BA697AF}.Debug|x86.ActiveCfg = Debug|Any CPU
		{EF85BBA2-1ED1-4805-B805-00B41BA697AF}.Debug|x86.Build.0 = Debug|Any CPU
		{EF85BBA2-1ED1-4805-B805-00B41BA697AF}.Release|Any CPU.ActiveCfg = Release|Any CPU
		{EF85BBA2-1ED1-4805-B805-00B41BA697AF}.Release|Any CPU.Build.0 = Release|Any CPU
		{EF85BBA2-1ED1-4805-B805-00B41BA697AF}.Release|x64.ActiveCfg = Release|Any CPU
		{EF85BBA2-1ED1-4805-B805-00B41BA697AF}.Release|x64.Build.0 = Release|Any CPU
		{EF85BBA2-1ED1-4805-B805-00B41BA697AF}.Release|x86.ActiveCfg = Release|Any CPU
		{EF85BBA2-1ED1-4805-B805-00B41BA697AF}.Release|x86.Build.0 = Release|Any CPU
		{A2517C13-7185-4B3B-985F-E6496550F5FF}.Debug|Any CPU.ActiveCfg = Debug|Any CPU
		{A2517C13-7185-4B3B-985F-E6496550F5FF}.Debug|Any CPU.Build.0 = Debug|Any CPU
		{A2517C13-7185-4B3B-985F-E6496550F5FF}.Debug|x64.ActiveCfg = Debug|Any CPU
		{A2517C13-7185-4B3B-985F-E6496550F5FF}.Debug|x64.Build.0 = Debug|Any CPU
		{A2517C13-7185-4B3B-985F-E6496550F5FF}.Debug|x86.ActiveCfg = Debug|Any CPU
		{A2517C13-7185-4B3B-985F-E6496550F5FF}.Debug|x86.Build.0 = Debug|Any CPU
		{A2517C13-7185-4B3B-985F-E6496550F5FF}.Release|Any CPU.ActiveCfg = Release|Any CPU
		{A2517C13-7185-4B3B-985F-E6496550F5FF}.Release|Any CPU.Build.0 = Release|Any CPU
		{A2517C13-7185-4B3B-985F-E6496550F5FF}.Release|x64.ActiveCfg = Release|Any CPU
		{A2517C13-7185-4B3B-985F-E6496550F5FF}.Release|x64.Build.0 = Release|Any CPU
		{A2517C13-7185-4B3B-985F-E6496550F5FF}.Release|x86.ActiveCfg = Release|Any CPU
		{A2517C13-7185-4B3B-985F-E6496550F5FF}.Release|x86.Build.0 = Release|Any CPU
		{3C88245D-592F-4511-A662-16A00DBF27F8}.Debug|Any CPU.ActiveCfg = Debug|Any CPU
		{3C88245D-592F-4511-A662-16A00DBF27F8}.Debug|Any CPU.Build.0 = Debug|Any CPU
		{3C88245D-592F-4511-A662-16A00DBF27F8}.Debug|x64.ActiveCfg = Debug|Any CPU
		{3C88245D-592F-4511-A662-16A00DBF27F8}.Debug|x64.Build.0 = Debug|Any CPU
		{3C88245D-592F-4511-A662-16A00DBF27F8}.Debug|x86.ActiveCfg = Debug|Any CPU
		{3C88245D-592F-4511-A662-16A00DBF27F8}.Debug|x86.Build.0 = Debug|Any CPU
		{3C88245D-592F-4511-A662-16A00DBF27F8}.Release|Any CPU.ActiveCfg = Release|Any CPU
		{3C88245D-592F-4511-A662-16A00DBF27F8}.Release|Any CPU.Build.0 = Release|Any CPU
		{3C88245D-592F-4511-A662-16A00DBF27F8}.Release|x64.ActiveCfg = Release|Any CPU
		{3C88245D-592F-4511-A662-16A00DBF27F8}.Release|x64.Build.0 = Release|Any CPU
		{3C88245D-592F-4511-A662-16A00DBF27F8}.Release|x86.ActiveCfg = Release|Any CPU
		{3C88245D-592F-4511-A662-16A00DBF27F8}.Release|x86.Build.0 = Release|Any CPU
		{92618199-CAC6-456F-8DA1-40A9ED0DFB41}.Debug|Any CPU.ActiveCfg = Debug|Any CPU
		{92618199-CAC6-456F-8DA1-40A9ED0DFB41}.Debug|Any CPU.Build.0 = Debug|Any CPU
		{92618199-CAC6-456F-8DA1-40A9ED0DFB41}.Debug|x64.ActiveCfg = Debug|Any CPU
		{92618199-CAC6-456F-8DA1-40A9ED0DFB41}.Debug|x64.Build.0 = Debug|Any CPU
		{92618199-CAC6-456F-8DA1-40A9ED0DFB41}.Debug|x86.ActiveCfg = Debug|Any CPU
		{92618199-CAC6-456F-8DA1-40A9ED0DFB41}.Debug|x86.Build.0 = Debug|Any CPU
		{92618199-CAC6-456F-8DA1-40A9ED0DFB41}.Release|Any CPU.ActiveCfg = Release|Any CPU
		{92618199-CAC6-456F-8DA1-40A9ED0DFB41}.Release|Any CPU.Build.0 = Release|Any CPU
		{92618199-CAC6-456F-8DA1-40A9ED0DFB41}.Release|x64.ActiveCfg = Release|Any CPU
		{92618199-CAC6-456F-8DA1-40A9ED0DFB41}.Release|x64.Build.0 = Release|Any CPU
		{92618199-CAC6-456F-8DA1-40A9ED0DFB41}.Release|x86.ActiveCfg = Release|Any CPU
		{92618199-CAC6-456F-8DA1-40A9ED0DFB41}.Release|x86.Build.0 = Release|Any CPU
		{077E9330-395B-414C-A762-3FF9A6BB9D80}.Debug|Any CPU.ActiveCfg = Debug|Any CPU
		{077E9330-395B-414C-A762-3FF9A6BB9D80}.Debug|Any CPU.Build.0 = Debug|Any CPU
		{077E9330-395B-414C-A762-3FF9A6BB9D80}.Debug|x64.ActiveCfg = Debug|Any CPU
		{077E9330-395B-414C-A762-3FF9A6BB9D80}.Debug|x64.Build.0 = Debug|Any CPU
		{077E9330-395B-414C-A762-3FF9A6BB9D80}.Debug|x86.ActiveCfg = Debug|Any CPU
		{077E9330-395B-414C-A762-3FF9A6BB9D80}.Debug|x86.Build.0 = Debug|Any CPU
		{077E9330-395B-414C-A762-3FF9A6BB9D80}.Release|Any CPU.ActiveCfg = Release|Any CPU
		{077E9330-395B-414C-A762-3FF9A6BB9D80}.Release|Any CPU.Build.0 = Release|Any CPU
		{077E9330-395B-414C-A762-3FF9A6BB9D80}.Release|x64.ActiveCfg = Release|Any CPU
		{077E9330-395B-414C-A762-3FF9A6BB9D80}.Release|x64.Build.0 = Release|Any CPU
		{077E9330-395B-414C-A762-3FF9A6BB9D80}.Release|x86.ActiveCfg = Release|Any CPU
		{077E9330-395B-414C-A762-3FF9A6BB9D80}.Release|x86.Build.0 = Release|Any CPU
	EndGlobalSection
	GlobalSection(SolutionProperties) = preSolution
		HideSolutionNode = FALSE
	EndGlobalSection
	GlobalSection(NestedProjects) = preSolution
		{3C88245D-592F-4511-A662-16A00DBF27F8} = {0AB3BF05-4346-4AA6-1389-037BE0695223}
		{92618199-CAC6-456F-8DA1-40A9ED0DFB41} = {0AB3BF05-4346-4AA6-1389-037BE0695223}
		{077E9330-395B-414C-A762-3FF9A6BB9D80} = {0AB3BF05-4346-4AA6-1389-037BE0695223}
	EndGlobalSection
EndGlobal
