
Microsoft Visual Studio Solution File, Format Version 12.00
Project("{FAE04EC0-301F-11D3-BF4B-00C04F79EFBC}") = "AccountService.API", "AccountService.API\AccountService.API.csproj", "{831956EE-47A8-469A-AC54-CE5E36BC1A4B}"
EndProject
Global
	GlobalSection(SolutionConfigurationPlatforms) = preSolution
		Debug|Any CPU = Debug|Any CPU
		Release|Any CPU = Release|Any CPU
	EndGlobalSection
	GlobalSection(ProjectConfigurationPlatforms) = postSolution
		{831956EE-47A8-469A-AC54-CE5E36BC1A4B}.Debug|Any CPU.ActiveCfg = Debug|Any CPU
		{831956EE-47A8-469A-AC54-CE5E36BC1A4B}.Debug|Any CPU.Build.0 = Debug|Any CPU
		{831956EE-47A8-469A-AC54-CE5E36BC1A4B}.Release|Any CPU.ActiveCfg = Release|Any CPU
		{831956EE-47A8-469A-AC54-CE5E36BC1A4B}.Release|Any CPU.Build.0 = Release|Any CPU
	EndGlobalSection
EndGlobal
